{
  "name": "cv",
  "version": "1.0.0",
  "lockfileVersion": 1,
  "requires": true,
  "dependencies": {
    "animate.css": {
      "version": "3.7.0",
      "resolved": "https://registry.npmjs.org/animate.css/-/animate.css-3.7.0.tgz",
      "integrity": "sha512-u3iMXDJr0cxMdQocIciDiou9Au4L5f9uT+/jCtprw3s1j3HcfCuI+khF+90Ps2KdsEhM2soF7SXB4WUvI3HlXg=="
    },
    "bootstrap": {
      "version": "4.1.3",
      "resolved": "https://registry.npmjs.org/bootstrap/-/bootstrap-4.1.3.tgz",
      "integrity": "sha512-rDFIzgXcof0jDyjNosjv4Sno77X4KuPeFxG2XZZv1/Kc8DRVGVADdoQyyOVDwPqL36DDmtCQbrpMCqvpPLJQ0w=="
    },
    "font-awesome": {
      "version": "4.7.0",
      "resolved": "https://registry.npmjs.org/font-awesome/-/font-awesome-4.7.0.tgz",
      "integrity": "sha1-j6jPBBGhoxr9B7BtKQK7n8gVoTM="
    },
    "jquery": {
      "version": "3.3.1",
      "resolved": "https://registry.npmjs.org/jquery/-/jquery-3.3.1.tgz",
      "integrity": "sha512-Ubldcmxp5np52/ENotGxlLe6aGMvmF4R8S6tZjsP6Knsaxd/xp3Zrh50cG93lR6nPXyUFwzN3ZSOQI0wRJNdGg=="
    },
    "mixitup": {
      "version": "3.3.0",
      "resolved": "https://registry.npmjs.org/mixitup/-/mixitup-3.3.0.tgz",
      "integrity": "sha1-cdVC0mAh5lTcQyDCerx9ry9e+Oc="
    },
    "particle.js": {
      "version": "1.0.7",
      "resolved": "https://registry.npmjs.org/particle.js/-/particle.js-1.0.7.tgz",
      "integrity": "sha1-2OLTnf25JY/v/LtnuGruu4/DF9c="
    },
    "popper.js": {
      "version": "1.14.4",
      "resolved": "https://registry.npmjs.org/popper.js/-/popper.js-1.14.4.tgz",
      "integrity": "sha1-juwdj/AqWjoVLdQ0FKFce3n9abY="
    },
    "typed.js": {
      "version": "2.0.9",
      "resolved": "https://registry.npmjs.org/typed.js/-/typed.js-2.0.9.tgz",
      "integrity": "sha512-RTv7MvbsJ0ajz3PW/o325kXo0+gZAGW9xoZQ9eXrdvTg9prvH5JgAVeAITYuh7OoGStl1yuJgcR07IO10l3Q3g=="
    }
  }
}
